// !$*UTF8*$!
{
	archiveVersion = 1;
	classes = {
	};
	objectVersion = 46;
	objects = {

/* Begin PBXBuildFile section */
		882EE7CF1B02636C00A2C622 /* AppDelegate.swift in Sources */ = {isa = PBXBuildFile; fileRef = 882EE7CE1B02636C00A2C622 /* AppDelegate.swift */; };
		882EE7D11B02636C00A2C622 /* ViewController.swift in Sources */ = {isa = PBXBuildFile; fileRef = 882EE7D01B02636C00A2C622 /* ViewController.swift */; };
		882EE7D41B02636C00A2C622 /* Main.storyboard in Resources */ = {isa = PBXBuildFile; fileRef = 882EE7D21B02636C00A2C622 /* Main.storyboard */; };
		882EE7D61B02636C00A2C622 /* Images.xcassets in Resources */ = {isa = PBXBuildFile; fileRef = 882EE7D51B02636C00A2C622 /* Images.xcassets */; };
		882EE7D91B02636C00A2C622 /* LaunchScreen.xib in Resources */ = {isa = PBXBuildFile; fileRef = 882EE7D71B02636C00A2C622 /* LaunchScreen.xib */; };
		882EE7E51B02636D00A2C622 /* CopiableLabelSubclassTests.swift in Sources */ = {isa = PBXBuildFile; fileRef = 882EE7E41B02636D00A2C622 /* CopiableLabelSubclassTests.swift */; };
/* End PBXBuildFile section */

/* Begin PBXContainerItemProxy section */
		882EE7DF1B02636D00A2C622 /* PBXContainerItemProxy */ = {
			isa = PBXContainerItemProxy;
			containerPortal = 882EE7C11B02636C00A2C622 /* Project object */;
			proxyType = 1;
			remoteGlobalIDString = 882EE7C81B02636C00A2C622;
			remoteInfo = CopiableLabelSubclass;
		};
/* End PBXContainerItemProxy section */

/* Begin PBXFileReference section */
		882EE7C91B02636C00A2C622 /* CopiableLabelSubclass.app */ = {isa = PBXFileReference; explicitFileType = wrapper.application; includeInIndex = 0; path = CopiableLabelSubclass.app; sourceTree = BUILT_PRODUCTS_DIR; };
		882EE7CD1B02636C00A2C622 /* Info.plist */ = {isa = PBXFileReference; lastKnownFileType = text.plist.xml; path = Info.plist; sourceTree = "<group>"; };
		882EE7CE1B02636C00A2C622 /* AppDelegate.swift */ = {isa = PBXFileReference; lastKnownFileType = sourcecode.swift; path = AppDelegate.swift; sourceTree = "<group>"; };
		882EE7D01B02636C00A2C622 /* ViewController.swift */ = {isa = PBXFileReference; lastKnownFileType = sourcecode.swift; path = ViewController.swift; sourceTree = "<group>"; };
		882EE7D31B02636C00A2C622 /* Base */ = {isa = PBXFileReference; lastKnownFileType = file.storyboard; name = Base; path = Base.lproj/Main.storyboard; sourceTree = "<group>"; };
		882EE7D51B02636C00A2C622 /* Images.xcassets */ = {isa = PBXFileReference; lastKnownFileType = folder.assetcatalog; path = Images.xcassets; sourceTree = "<group>"; };
		882EE7D81B02636C00A2C622 /* Base */ = {isa = PBXFileReference; lastKnownFileType = file.xib; name = Base; path = Base.lproj/LaunchScreen.xib; sourceTree = "<group>"; };
		882EE7DE1B02636D00A2C622 /* CopiableLabelSubclassTests.xctest */ = {isa = PBXFileReference; explicitFileType = wrapper.cfbundle; includeInIndex = 0; path = CopiableLabelSubclassTests.xctest; sourceTree = BUILT_PRODUCTS_DIR; };
		882EE7E31B02636D00A2C622 /* Info.plist */ = {isa = PBXFileReference; lastKnownFileType = text.plist.xml; path = Info.plist; sourceTree = "<group>"; };
		882EE7E41B02636D00A2C622 /* CopiableLabelSubclassTests.swift */ = {isa = PBXFileReference; lastKnownFileType = sourcecode.swift; path = CopiableLabelSubclassTests.swift; sourceTree = "<group>"; };
/* End PBXFileReference section */

/* Begin PBXFrameworksBuildPhase section */
		882EE7C61B02636C00A2C622 /* Frameworks */ = {
			isa = PBXFrameworksBuildPhase;
			buildActionMask = 2147483647;
			files = (
			);
			runOnlyForDeploymentPostprocessing = 0;
		};
		882EE7DB1B02636D00A2C622 /* Frameworks */ = {
			isa = PBXFrameworksBuildPhase;
			buildActionMask = 2147483647;
			files = (
			);
			runOnlyForDeploymentPostprocessing = 0;
		};
/* End PBXFrameworksBuildPhase section */

/* Begin PBXGroup section */
		882EE7C01B02636C00A2C622 = {
			isa = PBXGroup;
			children = (
				882EE7CB1B02636C00A2C622 /* CopiableLabelSubclass */,
				882EE7E11B02636D00A2C622 /* CopiableLabelSubclassTests */,
				882EE7CA1B02636C00A2C622 /* Products */,
			);
			sourceTree = "<group>";
		};
		882EE7CA1B02636C00A2C622 /* Products */ = {
			isa = PBXGroup;
			children = (
				882EE7C91B02636C00A2C622 /* CopiableLabelSubclass.app */,
				882EE7DE1B02636D00A2C622 /* CopiableLabelSubclassTests.xctest */,
			);
			name = Products;
			sourceTree = "<group>";
		};
		882EE7CB1B02636C00A2C622 /* CopiableLabelSubclass */ = {
			isa = PBXGroup;
			children = (
				882EE7CE1B02636C00A2C622 /* AppDelegate.swift */,
				882EE7D01B02636C00A2C622 /* ViewController.swift */,
				882EE7D21B02636C00A2C622 /* Main.storyboard */,
				882EE7D51B02636C00A2C622 /* Images.xcassets */,
				882EE7D71B02636C00A2C622 /* LaunchScreen.xib */,
				882EE7CC1B02636C00A2C622 /* Supporting Files */,
			);
			path = CopiableLabelSubclass;
			sourceTree = "<group>";
		};
		882EE7CC1B02636C00A2C622 /* Supporting Files */ = {
			isa = PBXGroup;
			children = (
				882EE7CD1B02636C00A2C622 /* Info.plist */,
			);
			name = "Supporting Files";
			sourceTree = "<group>";
		};
		882EE7E11B02636D00A2C622 /* CopiableLabelSubclassTests */ = {
			isa = PBXGroup;
			children = (
				882EE7E41B02636D00A2C622 /* CopiableLabelSubclassTests.swift */,
				882EE7E21B02636D00A2C622 /* Supporting Files */,
			);
			path = CopiableLabelSubclassTests;
			sourceTree = "<group>";
		};
		882EE7E21B02636D00A2C622 /* Supporting Files */ = {
			isa = PBXGroup;
			children = (
				882EE7E31B02636D00A2C622 /* Info.plist */,
			);
			name = "Supporting Files";
			sourceTree = "<group>";
		};
/* End PBXGroup section */

/* Begin PBXNativeTarget section */
		882EE7C81B02636C00A2C622 /* CopiableLabelSubclass */ = {
			isa = PBXNativeTarget;
			buildConfigurationList = 882EE7E81B02636D00A2C622 /* Build configuration list for PBXNativeTarget "CopiableLabelSubclass" */;
			buildPhases = (
				882EE7C51B02636C00A2C622 /* Sources */,
				882EE7C61B02636C00A2C622 /* Frameworks */,
				882EE7C71B02636C00A2C622 /* Resources */,
			);
			buildRules = (
			);
			dependencies = (
			);
			name = CopiableLabelSubclass;
			productName = CopiableLabelSubclass;
			productReference = 882EE7C91B02636C00A2C622 /* CopiableLabelSubclass.app */;
			productType = "com.apple.product-type.application";
		};
		882EE7DD1B02636D00A2C622 /* CopiableLabelSubclassTests */ = {
			isa = PBXNativeTarget;
			buildConfigurationList = 882EE7EB1B02636D00A2C622 /* Build configuration list for PBXNativeTarget "CopiableLabelSubclassTests" */;
			buildPhases = (
				882EE7DA1B02636D00A2C622 /* Sources */,
				882EE7DB1B02636D00A2C622 /* Frameworks */,
				882EE7DC1B02636D00A2C622 /* Resources */,
			);
			buildRules = (
			);
			dependencies = (
				882EE7E01B02636D00A2C622 /* PBXTargetDependency */,
			);
			name = CopiableLabelSubclassTests;
			productName = CopiableLabelSubclassTests;
			productReference = 882EE7DE1B02636D00A2C622 /* CopiableLabelSubclassTests.xctest */;
			productType = "com.apple.product-type.bundle.unit-test";
		};
/* End PBXNativeTarget section */

/* Begin PBXProject section */
		882EE7C11B02636C00A2C622 /* Project object */ = {
			isa = PBXProject;
			attributes = {
				LastUpgradeCheck = 0630;
				ORGANIZATIONNAME = "Peter Johnson";
				TargetAttributes = {
					882EE7C81B02636C00A2C622 = {
						CreatedOnToolsVersion = 6.3.1;
					};
					882EE7DD1B02636D00A2C622 = {
						CreatedOnToolsVersion = 6.3.1;
						TestTargetID = 882EE7C81B02636C00A2C622;
					};
				};
			};
			buildConfigurationList = 882EE7C41B02636C00A2C622 /* Build configuration list for PBXProject "CopiableLabelSubclass" */;
			compatibilityVersion = "Xcode 3.2";
			developmentRegion = English;
			hasScannedForEncodings = 0;
			knownRegions = (
				en,
				Base,
			);
			mainGroup = 882EE7C01B02636C00A2C622;
			productRefGroup = 882EE7CA1B02636C00A2C622 /* Products */;
			projectDirPath = "";
			projectRoot = "";
			targets = (
				882EE7C81B02636C00A2C622 /* CopiableLabelSubclass */,
				882EE7DD1B02636D00A2C622 /* CopiableLabelSubclassTests */,
			);
		};
/* End PBXProject section */

/* Begin PBXResourcesBuildPhase section */
		882EE7C71B02636C00A2C622 /* Resources */ = {
			isa = PBXResourcesBuildPhase;
			buildActionMask = 2147483647;
			files = (
				882EE7D41B02636C00A2C622 /* Main.storyboard in Resources */,
				882EE7D91B02636C00A2C622 /* LaunchScreen.xib in Resources */,
				882EE7D61B02636C00A2C622 /* Images.xcassets in Resources */,
			);
			runOnlyForDeploymentPostprocessing = 0;
		};
		882EE7DC1B02636D00A2C622 /* Resources */ = {
			isa = PBXResourcesBuildPhase;
			buildActionMask = 2147483647;
			files = (
			);
			runOnlyForDeploymentPostprocessing = 0;
		};
/* End PBXResourcesBuildPhase section */

/* Begin PBXSourcesBuildPhase section */
		882EE7C51B02636C00A2C622 /* Sources */ = {
			isa = PBXSourcesBuildPhase;
			buildActionMask = 2147483647;
			files = (
				882EE7D11B02636C00A2C622 /* ViewController.swift in Sources */,
				882EE7CF1B02636C00A2C622 /* AppDelegate.swift in Sources */,
			);
			runOnlyForDeploymentPostprocessing = 0;
		};
		882EE7DA1B02636D00A2C622 /* Sources */ = {
			isa = PBXSourcesBuildPhase;
			buildActionMask = 2147483647;
			files = (
				882EE7E51B02636D00A2C622 /* CopiableLabelSubclassTests.swift in Sources */,
			);
			runOnlyForDeploymentPostprocessing = 0;
		};
/* End PBXSourcesBuildPhase section */

/* Begin PBXTargetDependency section */
		882EE7E01B02636D00A2C622 /* PBXTargetDependency */ = {
			isa = PBXTargetDependency;
			target = 882EE7C81B02636C00A2C622 /* CopiableLabelSubclass */;
			targetProxy = 882EE7DF1B02636D00A2C622 /* PBXContainerItemProxy */;
		};
/* End PBXTargetDependency section */

/* Begin PBXVariantGroup section */
		882EE7D21B02636C00A2C622 /* Main.storyboard */ = {
			isa = PBXVariantGroup;
			children = (
				882EE7D31B02636C00A2C622 /* Base */,
			);
			name = Main.storyboard;
			sourceTree = "<group>";
		};
		882EE7D71B02636C00A2C622 /* LaunchScreen.xib */ = {
			isa = PBXVariantGroup;
			children = (
				882EE7D81B02636C00A2C622 /* Base */,
			);
			name = LaunchScreen.xib;
			sourceTree = "<group>";
		};
/* End PBXVariantGroup section */

/* Begin XCBuildConfiguration section */
		882EE7E61B02636D00A2C622 /* Debug */ = {
			isa = XCBuildConfiguration;
			buildSettings = {
				ALWAYS_SEARCH_USER_PATHS = NO;
				CLANG_CXX_LANGUAGE_STANDARD = "gnu++0x";
				CLANG_CXX_LIBRARY = "libc++";
				CLANG_ENABLE_MODULES = YES;
				CLANG_ENABLE_OBJC_ARC = YES;
				CLANG_WARN_BOOL_CONVERSION = YES;
				CLANG_WARN_CONSTANT_CONVERSION = YES;
				CLANG_WARN_DIRECT_OBJC_ISA_USAGE = YES_ERROR;
				CLANG_WARN_EMPTY_BODY = YES;
				CLANG_WARN_ENUM_CONVERSION = YES;
				CLANG_WARN_INT_CONVERSION = YES;
				CLANG_WARN_OBJC_ROOT_CLASS = YES_ERROR;
				CLANG_WARN_UNREACHABLE_CODE = YES;
				CLANG_WARN__DUPLICATE_METHOD_MATCH = YES;
				"CODE_SIGN_IDENTITY[sdk=iphoneos*]" = "iPhone Developer";
				COPY_PHASE_STRIP = NO;
				DEBUG_INFORMATION_FORMAT = "dwarf-with-dsym";
				ENABLE_STRICT_OBJC_MSGSEND = YES;
				GCC_C_LANGUAGE_STANDARD = gnu99;
				GCC_DYNAMIC_NO_PIC = NO;
				GCC_NO_COMMON_BLOCKS = YES;
				GCC_OPTIMIZATION_LEVEL = 0;
				GCC_PREPROCESSOR_DEFINITIONS = (
					"DEBUG=1",
					"$(inherited)",
				);
				GCC_SYMBOLS_PRIVATE_EXTERN = NO;
				GCC_WARN_64_TO_32_BIT_CONVERSION = YES;
				GCC_WARN_ABOUT_RETURN_TYPE = YES_ERROR;
				GCC_WARN_UNDECLARED_SELECTOR = YES;
				GCC_WARN_UNINITIALIZED_AUTOS = YES_AGGRESSIVE;
				GCC_WARN_UNUSED_FUNCTION = YES;
				GCC_WARN_UNUSED_VARIABLE = YES;
				IPHONEOS_DEPLOYMENT_TARGET = 8.3;
				MTL_ENABLE_DEBUG_INFO = YES;
				ONLY_ACTIVE_ARCH = YES;
				SDKROOT = iphoneos;
				SWIFT_OPTIMIZATION_LEVEL = "-Onone";
			};
			name = Debug;
		};
		882EE7E71B02636D00A2C622 /* Release */ = {
			isa = XCBuildConfiguration;
			buildSettings = {
				ALWAYS_SEARCH_USER_PATHS = NO;
				CLANG_CXX_LANGUAGE_STANDARD = "gnu++0x";
				CLANG_CXX_LIBRARY = "libc++";
				CLANG_ENABLE_MODULES = YES;
				CLANG_ENABLE_OBJC_ARC = YES;
				CLANG_WARN_BOOL_CONVERSION = YES;
				CLANG_WARN_CONSTANT_CONVERSION = YES;
				CLANG_WARN_DIRECT_OBJC_ISA_USAGE = YES_ERROR;
				CLANG_WARN_EMPTY_BODY = YES;
				CLANG_WARN_ENUM_CONVERSION = YES;
				CLANG_WARN_INT_CONVERSION = YES;
				CLANG_WARN_OBJC_ROOT_CLASS = YES_ERROR;
				CLANG_WARN_UNREACHABLE_CODE = YES;
				CLANG_WARN__DUPLICATE_METHOD_MATCH = YES;
				"CODE_SIGN_IDENTITY[sdk=iphoneos*]" = "iPhone Developer";
				COPY_PHASE_STRIP = NO;
				DEBUG_INFORMATION_FORMAT = "dwarf-with-dsym";
				ENABLE_NS_ASSERTIONS = NO;
				ENABLE_STRICT_OBJC_MSGSEND = YES;
				GCC_C_LANGUAGE_STANDARD = gnu99;
				GCC_NO_COMMON_BLOCKS = YES;
				GCC_WARN_64_TO_32_BIT_CONVERSION = YES;
				GCC_WARN_ABOUT_RETURN_TYPE = YES_ERROR;
				GCC_WARN_UNDECLARED_SELECTOR = YES;
				GCC_WARN_UNINITIALIZED_AUTOS = YES_AGGRESSIVE;
				GCC_WARN_UNUSED_FUNCTION = YES;
				GCC_WARN_UNUSED_VARIABLE = YES;
				IPHONEOS_DEPLOYMENT_TARGET = 8.3;
				MTL_ENABLE_DEBUG_INFO = NO;
				SDKROOT = iphoneos;
				VALIDATE_PRODUCT = YES;
			};
			name = Release;
		};
		882EE7E91B02636D00A2C622 /* Debug */ = {
			isa = XCBuildConfiguration;
			buildSettings = {
				ASSETCATALOG_COMPILER_APPICON_NAME = AppIcon;
				INFOPLIST_FILE = CopiableLabelSubclass/Info.plist;
				LD_RUNPATH_SEARCH_PATHS = "$(inherited) @executable_path/Frameworks";
				PRODUCT_NAME = "$(TARGET_NAME)";
			};
			name = Debug;
		};
		882EE7EA1B02636D00A2C622 /* Release */ = {
			isa = XCBuildConfiguration;
			buildSettings = {
				ASSETCATALOG_COMPILER_APPICON_NAME = AppIcon;
				INFOPLIST_FILE = CopiableLabelSubclass/Info.plist;
				LD_RUNPATH_SEARCH_PATHS = "$(inherited) @executable_path/Frameworks";
				PRODUCT_NAME = "$(TARGET_NAME)";
			};
			name = Release;
		};
		882EE7EC1B02636D00A2C622 /* Debug */ = {
			isa = XCBuildConfiguration;
			buildSettings = {
				BUNDLE_LOADER = "$(TEST_HOST)";
				FRAMEWORK_SEARCH_PATHS = (
					"$(SDKROOT)/Developer/Library/Frameworks",
					"$(inherited)",
				);
				GCC_PREPROCESSOR_DEFINITIONS = (
					"DEBUG=1",
					"$(inherited)",
				);
				INFOPLIST_FILE = CopiableLabelSubclassTests/Info.plist;
				LD_RUNPATH_SEARCH_PATHS = "$(inherited) @executable_path/Frameworks @loader_path/Frameworks";
				PRODUCT_NAME = "$(TARGET_NAME)";
				TEST_HOST = "$(BUILT_PRODUCTS_DIR)/CopiableLabelSubclass.app/CopiableLabelSubclass";
			};
			name = Debug;
		};
		882EE7ED1B02636D00A2C622 /* Release */ = {
			isa = XCBuildConfiguration;
			buildSettings = {
				BUNDLE_LOADER = "$(TEST_HOST)";
				FRAMEWORK_SEARCH_PATHS = (
					"$(SDKROOT)/Developer/Library/Frameworks",
					"$(inherited)",
				);
				INFOPLIST_FILE = CopiableLabelSubclassTests/Info.plist;
				LD_RUNPATH_SEARCH_PATHS = "$(inherited) @executable_path/Frameworks @loader_path/Frameworks";
				PRODUCT_NAME = "$(TARGET_NAME)";
				TEST_HOST = "$(BUILT_PRODUCTS_DIR)/CopiableLabelSubclass.app/CopiableLabelSubclass";
			};
			name = Release;
		};
/* End XCBuildConfiguration section */

/* Begin XCConfigurationList section */
		882EE7C41B02636C00A2C622 /* Build configuration list for PBXProject "CopiableLabelSubclass" */ = {
			isa = XCConfigurationList;
			buildConfigurations = (
				882EE7E61B02636D00A2C622 /* Debug */,
				882EE7E71B02636D00A2C622 /* Release */,
			);
			defaultConfigurationIsVisible = 0;
			defaultConfigurationName = Release;
		};
		882EE7E81B02636D00A2C622 /* Build configuration list for PBXNativeTarget "CopiableLabelSubclass" */ = {
			isa = XCConfigurationList;
			buildConfigurations = (
				882EE7E91B02636D00A2C622 /* Debug */,
				882EE7EA1B02636D00A2C622 /* Release */,
			);
			defaultConfigurationIsVisible = 0;
		};
		882EE7EB1B02636D00A2C622 /* Build configuration list for PBXNativeTarget "CopiableLabelSubclassTests" */ = {
			isa = XCConfigurationList;
			buildConfigurations = (
				882EE7EC1B02636D00A2C622 /* Debug */,
				882EE7ED1B02636D00A2C622 /* Release */,
			);
			defaultConfigurationIsVisible = 0;
		};
/* End XCConfigurationList section */
	};
	rootObject = 882EE7C11B02636C00A2C622 /* Project object */;
}
